
Microsoft Visual Studio Solution File, Format Version 12.00
# Visual Studio Version 16
VisualStudioVersion = 25.0.1706.8
MinimumVisualStudioVersion = 10.0.40219.1
Project("{FAE04EC0-301F-11D3-BF4B-00C04F79EFBC}") = "lab2(dotNET)", "lab2(dotNET)\lab2(dotNET).csproj", "{EF93C2A6-FEDA-4922-89F5-4D75C342FCBC}"
EndProject
Global
	GlobalSection(SolutionConfigurationPlatforms) = preSolution
		Debug|Any CPU = Debug|Any CPU
		Release|Any CPU = Release|Any CPU
	EndGlobalSection
	GlobalSection(ProjectConfigurationPlatforms) = postSolution
		{EF93C2A6-FEDA-4922-89F5-4D75C342FCBC}.Debug|Any CPU.ActiveCfg = Debug|Any CPU
		{EF93C2A6-FEDA-4922-89F5-4D75C342FCBC}.Debug|Any CPU.Build.0 = Debug|Any CPU
		{EF93C2A6-FEDA-4922-89F5-4D75C342FCBC}.Release|Any CPU.ActiveCfg = Release|Any CPU
		{EF93C2A6-FEDA-4922-89F5-4D75C342FCBC}.Release|Any CPU.Build.0 = Release|Any CPU
	EndGlobalSection
	GlobalSection(SolutionProperties) = preSolution
		HideSolutionNode = FALSE
	EndGlobalSection
	GlobalSection(ExtensibilityGlobals) = postSolution
		SolutionGuid = {854889C0-14F7-4827-998F-742265EC4F0C}
	EndGlobalSection
EndGlobal
